// !$*UTF8*$!
{
	archiveVersion = 1;
	classes = {
	};
	objectVersion = 55;
	objects = {

/* Begin PBXBuildFile section */
		AC71C5D128185CE7001B5086 /* PlanItApp.swift in Sources */ = {isa = PBXBuildFile; fileRef = AC71C5D028185CE7001B5086 /* PlanItApp.swift */; };
		AC71C5D328185CE7001B5086 /* ContentView.swift in Sources */ = {isa = PBXBuildFile; fileRef = AC71C5D228185CE7001B5086 /* ContentView.swift */; };
		AC71C5D528185CEA001B5086 /* Assets.xcassets in Resources */ = {isa = PBXBuildFile; fileRef = AC71C5D428185CEA001B5086 /* Assets.xcassets */; };
		AC71C5D828185CEA001B5086 /* Preview Assets.xcassets in Resources */ = {isa = PBXBuildFile; fileRef = AC71C5D728185CEA001B5086 /* Preview Assets.xcassets */; };
		AC71C5DA28185CEA001B5086 /* Persistence.swift in Sources */ = {isa = PBXBuildFile; fileRef = AC71C5D928185CEA001B5086 /* Persistence.swift */; };
		AC71C5DD28185CEA001B5086 /* PlanIt.xcdatamodeld in Sources */ = {isa = PBXBuildFile; fileRef = AC71C5DB28185CEA001B5086 /* PlanIt.xcdatamodeld */; };
		AC71C5E528185D05001B5086 /* NewTask.swift in Sources */ = {isa = PBXBuildFile; fileRef = AC71C5E428185D05001B5086 /* NewTask.swift */; };
		AC71C5E728185D0C001B5086 /* ViewTask.swift in Sources */ = {isa = PBXBuildFile; fileRef = AC71C5E628185D0C001B5086 /* ViewTask.swift */; };
		AC71C5E928185D43001B5086 /* TaskViewModel.swift in Sources */ = {isa = PBXBuildFile; fileRef = AC71C5E828185D43001B5086 /* TaskViewModel.swift */; };
		AC71C5EB28185ED9001B5086 /* DynamicFilterView.swift in Sources */ = {isa = PBXBuildFile; fileRef = AC71C5EA28185ED9001B5086 /* DynamicFilterView.swift */; };
		AC71C5ED28185FA5001B5086 /* Home.swift in Sources */ = {isa = PBXBuildFile; fileRef = AC71C5EC28185FA5001B5086 /* Home.swift */; };
		AC71C5EF28188872001B5086 /* NewNote.swift in Sources */ = {isa = PBXBuildFile; fileRef = AC71C5EE28188871001B5086 /* NewNote.swift */; };
		AC71C5F128188B67001B5086 /* TrailingIconLabelStyle.swift in Sources */ = {isa = PBXBuildFile; fileRef = AC71C5F028188B67001B5086 /* TrailingIconLabelStyle.swift */; };
/* End PBXBuildFile section */

/* Begin PBXFileReference section */
		AC71C5CD28185CE7001B5086 /* PlanIt.app */ = {isa = PBXFileReference; explicitFileType = wrapper.application; includeInIndex = 0; path = PlanIt.app; sourceTree = BUILT_PRODUCTS_DIR; };
		AC71C5D028185CE7001B5086 /* PlanItApp.swift */ = {isa = PBXFileReference; lastKnownFileType = sourcecode.swift; path = PlanItApp.swift; sourceTree = "<group>"; };
		AC71C5D228185CE7001B5086 /* ContentView.swift */ = {isa = PBXFileReference; lastKnownFileType = sourcecode.swift; path = ContentView.swift; sourceTree = "<group>"; };
		AC71C5D428185CEA001B5086 /* Assets.xcassets */ = {isa = PBXFileReference; lastKnownFileType = folder.assetcatalog; path = Assets.xcassets; sourceTree = "<group>"; };
		AC71C5D728185CEA001B5086 /* Preview Assets.xcassets */ = {isa = PBXFileReference; lastKnownFileType = folder.assetcatalog; path = "Preview Assets.xcassets"; sourceTree = "<group>"; };
		AC71C5D928185CEA001B5086 /* Persistence.swift */ = {isa = PBXFileReference; lastKnownFileType = sourcecode.swift; path = Persistence.swift; sourceTree = "<group>"; };
		AC71C5DC28185CEA001B5086 /* PlanIt.xcdatamodel */ = {isa = PBXFileReference; lastKnownFileType = wrapper.xcdatamodel; path = PlanIt.xcdatamodel; sourceTree = "<group>"; };
		AC71C5E428185D05001B5086 /* NewTask.swift */ = {isa = PBXFileReference; lastKnownFileType = sourcecode.swift; path = NewTask.swift; sourceTree = "<group>"; };
		AC71C5E628185D0C001B5086 /* ViewTask.swift */ = {isa = PBXFileReference; lastKnownFileType = sourcecode.swift; path = ViewTask.swift; sourceTree = "<group>"; };
		AC71C5E828185D43001B5086 /* TaskViewModel.swift */ = {isa = PBXFileReference; lastKnownFileType = sourcecode.swift; path = TaskViewModel.swift; sourceTree = "<group>"; };
		AC71C5EA28185ED9001B5086 /* DynamicFilterView.swift */ = {isa = PBXFileReference; lastKnownFileType = sourcecode.swift; path = DynamicFilterView.swift; sourceTree = "<group>"; };
		AC71C5EC28185FA5001B5086 /* Home.swift */ = {isa = PBXFileReference; lastKnownFileType = sourcecode.swift; path = Home.swift; sourceTree = "<group>"; };
		AC71C5EE28188871001B5086 /* NewNote.swift */ = {isa = PBXFileReference; lastKnownFileType = sourcecode.swift; path = NewNote.swift; sourceTree = "<group>"; };
		AC71C5F028188B67001B5086 /* TrailingIconLabelStyle.swift */ = {isa = PBXFileReference; lastKnownFileType = sourcecode.swift; path = TrailingIconLabelStyle.swift; sourceTree = "<group>"; };
/* End PBXFileReference section */

/* Begin PBXFrameworksBuildPhase section */
		AC71C5CA28185CE7001B5086 /* Frameworks */ = {
			isa = PBXFrameworksBuildPhase;
			buildActionMask = 2147483647;
			files = (
			);
			runOnlyForDeploymentPostprocessing = 0;
		};
/* End PBXFrameworksBuildPhase section */

/* Begin PBXGroup section */
		AC71C5C428185CE7001B5086 = {
			isa = PBXGroup;
			children = (
				AC71C5CF28185CE7001B5086 /* PlanIt */,
				AC71C5CE28185CE7001B5086 /* Products */,
			);
			sourceTree = "<group>";
		};
		AC71C5CE28185CE7001B5086 /* Products */ = {
			isa = PBXGroup;
			children = (
				AC71C5CD28185CE7001B5086 /* PlanIt.app */,
			);
			name = Products;
			sourceTree = "<group>";
		};
		AC71C5CF28185CE7001B5086 /* PlanIt */ = {
			isa = PBXGroup;
			children = (
				AC71C5E828185D43001B5086 /* TaskViewModel.swift */,
				AC71C5D028185CE7001B5086 /* PlanItApp.swift */,
				AC71C5E328185CF8001B5086 /* Views */,
				AC71C5D428185CEA001B5086 /* Assets.xcassets */,
				AC71C5D928185CEA001B5086 /* Persistence.swift */,
				AC71C5F028188B67001B5086 /* TrailingIconLabelStyle.swift */,
				AC71C5DB28185CEA001B5086 /* PlanIt.xcdatamodeld */,
				AC71C5D628185CEA001B5086 /* Preview Content */,
			);
			path = PlanIt;
			sourceTree = "<group>";
		};
		AC71C5D628185CEA001B5086 /* Preview Content */ = {
			isa = PBXGroup;
			children = (
				AC71C5D728185CEA001B5086 /* Preview Assets.xcassets */,
			);
			path = "Preview Content";
			sourceTree = "<group>";
		};
		AC71C5E328185CF8001B5086 /* Views */ = {
			isa = PBXGroup;
			children = (
				AC71C5D228185CE7001B5086 /* ContentView.swift */,
				AC71C5EC28185FA5001B5086 /* Home.swift */,
				AC71C5EA28185ED9001B5086 /* DynamicFilterView.swift */,
				AC71C5E428185D05001B5086 /* NewTask.swift */,
				AC71C5E628185D0C001B5086 /* ViewTask.swift */,
				AC71C5EE28188871001B5086 /* NewNote.swift */,
			);
			path = Views;
			sourceTree = "<group>";
		};
/* End PBXGroup section */

/* Begin PBXNativeTarget section */
		AC71C5CC28185CE7001B5086 /* PlanIt */ = {
			isa = PBXNativeTarget;
			buildConfigurationList = AC71C5E028185CEA001B5086 /* Build configuration list for PBXNativeTarget "PlanIt" */;
			buildPhases = (
				AC71C5C928185CE7001B5086 /* Sources */,
				AC71C5CA28185CE7001B5086 /* Frameworks */,
				AC71C5CB28185CE7001B5086 /* Resources */,
			);
			buildRules = (
			);
			dependencies = (
			);
			name = PlanIt;
			productName = PlanIt;
			productReference = AC71C5CD28185CE7001B5086 /* PlanIt.app */;
			productType = "com.apple.product-type.application";
		};
/* End PBXNativeTarget section */

/* Begin PBXProject section */
		AC71C5C528185CE7001B5086 /* Project object */ = {
			isa = PBXProject;
			attributes = {
				BuildIndependentTargetsInParallel = 1;
				LastSwiftUpdateCheck = 1320;
				LastUpgradeCheck = 1320;
				TargetAttributes = {
					AC71C5CC28185CE7001B5086 = {
						CreatedOnToolsVersion = 13.2.1;
					};
				};
			};
			buildConfigurationList = AC71C5C828185CE7001B5086 /* Build configuration list for PBXProject "PlanIt" */;
			compatibilityVersion = "Xcode 13.0";
			developmentRegion = en;
			hasScannedForEncodings = 0;
			knownRegions = (
				en,
				Base,
			);
			mainGroup = AC71C5C428185CE7001B5086;
			productRefGroup = AC71C5CE28185CE7001B5086 /* Products */;
			projectDirPath = "";
			projectRoot = "";
			targets = (
				AC71C5CC28185CE7001B5086 /* PlanIt */,
			);
		};
/* End PBXProject section */

/* Begin PBXResourcesBuildPhase section */
		AC71C5CB28185CE7001B5086 /* Resources */ = {
			isa = PBXResourcesBuildPhase;
			buildActionMask = 2147483647;
			files = (
				AC71C5D828185CEA001B5086 /* Preview Assets.xcassets in Resources */,
				AC71C5D528185CEA001B5086 /* Assets.xcassets in Resources */,
			);
			runOnlyForDeploymentPostprocessing = 0;
		};
/* End PBXResourcesBuildPhase section */

/* Begin PBXSourcesBuildPhase section */
		AC71C5C928185CE7001B5086 /* Sources */ = {
			isa = PBXSourcesBuildPhase;
			buildActionMask = 2147483647;
			files = (
				AC71C5EB28185ED9001B5086 /* DynamicFilterView.swift in Sources */,
				AC71C5DA28185CEA001B5086 /* Persistence.swift in Sources */,
				AC71C5EF28188872001B5086 /* NewNote.swift in Sources */,
				AC71C5E928185D43001B5086 /* TaskViewModel.swift in Sources */,
				AC71C5D328185CE7001B5086 /* ContentView.swift in Sources */,
				AC71C5ED28185FA5001B5086 /* Home.swift in Sources */,
				AC71C5E528185D05001B5086 /* NewTask.swift in Sources */,
				AC71C5D128185CE7001B5086 /* PlanItApp.swift in Sources */,
				AC71C5DD28185CEA001B5086 /* PlanIt.xcdatamodeld in Sources */,
				AC71C5E728185D0C001B5086 /* ViewTask.swift in Sources */,
				AC71C5F128188B67001B5086 /* TrailingIconLabelStyle.swift in Sources */,
			);
			runOnlyForDeploymentPostprocessing = 0;
		};
/* End PBXSourcesBuildPhase section */

/* Begin XCBuildConfiguration section */
		AC71C5DE28185CEA001B5086 /* Debug */ = {
			isa = XCBuildConfiguration;
			buildSettings = {
				ALWAYS_SEARCH_USER_PATHS = NO;
				CLANG_ANALYZER_NONNULL = YES;
				CLANG_ANALYZER_NUMBER_OBJECT_CONVERSION = YES_AGGRESSIVE;
				CLANG_CXX_LANGUAGE_STANDARD = "gnu++17";
				CLANG_CXX_LIBRARY = "libc++";
				CLANG_ENABLE_MODULES = YES;
				CLANG_ENABLE_OBJC_ARC = YES;
				CLANG_ENABLE_OBJC_WEAK = YES;
				CLANG_WARN_BLOCK_CAPTURE_AUTORELEASING = YES;
				CLANG_WARN_BOOL_CONVERSION = YES;
				CLANG_WARN_COMMA = YES;
				CLANG_WARN_CONSTANT_CONVERSION = YES;
				CLANG_WARN_DEPRECATED_OBJC_IMPLEMENTATIONS = YES;
				CLANG_WARN_DIRECT_OBJC_ISA_USAGE = YES_ERROR;
				CLANG_WARN_DOCUMENTATION_COMMENTS = YES;
				CLANG_WARN_EMPTY_BODY = YES;
				CLANG_WARN_ENUM_CONVERSION = YES;
				CLANG_WARN_INFINITE_RECURSION = YES;
				CLANG_WARN_INT_CONVERSION = YES;
				CLANG_WARN_NON_LITERAL_NULL_CONVERSION = YES;
				CLANG_WARN_OBJC_IMPLICIT_RETAIN_SELF = YES;
				CLANG_WARN_OBJC_LITERAL_CONVERSION = YES;
				CLANG_WARN_OBJC_ROOT_CLASS = YES_ERROR;
				CLANG_WARN_QUOTED_INCLUDE_IN_FRAMEWORK_HEADER = YES;
				CLANG_WARN_RANGE_LOOP_ANALYSIS = YES;
				CLANG_WARN_STRICT_PROTOTYPES = YES;
				CLANG_WARN_SUSPICIOUS_MOVE = YES;
				CLANG_WARN_UNGUARDED_AVAILABILITY = YES_AGGRESSIVE;
				CLANG_WARN_UNREACHABLE_CODE = YES;
				CLANG_WARN__DUPLICATE_METHOD_MATCH = YES;
				COPY_PHASE_STRIP = NO;
				DEBUG_INFORMATION_FORMAT = dwarf;
				ENABLE_STRICT_OBJC_MSGSEND = YES;
				ENABLE_TESTABILITY = YES;
				GCC_C_LANGUAGE_STANDARD = gnu11;
				GCC_DYNAMIC_NO_PIC = NO;
				GCC_NO_COMMON_BLOCKS = YES;
				GCC_OPTIMIZATION_LEVEL = 0;
				GCC_PREPROCESSOR_DEFINITIONS = (
					"DEBUG=1",
					"$(inherited)",
				);
				GCC_WARN_64_TO_32_BIT_CONVERSION = YES;
				GCC_WARN_ABOUT_RETURN_TYPE = YES_ERROR;
				GCC_WARN_UNDECLARED_SELECTOR = YES;
				GCC_WARN_UNINITIALIZED_AUTOS = YES_AGGRESSIVE;
				GCC_WARN_UNUSED_FUNCTION = YES;
				GCC_WARN_UNUSED_VARIABLE = YES;
				IPHONEOS_DEPLOYMENT_TARGET = 15.2;
				MTL_ENABLE_DEBUG_INFO = INCLUDE_SOURCE;
				MTL_FAST_MATH = YES;
				ONLY_ACTIVE_ARCH = YES;
				SDKROOT = iphoneos;
				SWIFT_ACTIVE_COMPILATION_CONDITIONS = DEBUG;
				SWIFT_OPTIMIZATION_LEVEL = "-Onone";
			};
			name = Debug;
		};
		AC71C5DF28185CEA001B5086 /* Release */ = {
			isa = XCBuildConfiguration;
			buildSettings = {
				ALWAYS_SEARCH_USER_PATHS = NO;
				CLANG_ANALYZER_NONNULL = YES;
				CLANG_ANALYZER_NUMBER_OBJECT_CONVERSION = YES_AGGRESSIVE;
				CLANG_CXX_LANGUAGE_STANDARD = "gnu++17";
				CLANG_CXX_LIBRARY = "libc++";
				CLANG_ENABLE_MODULES = YES;
				CLANG_ENABLE_OBJC_ARC = YES;
				CLANG_ENABLE_OBJC_WEAK = YES;
				CLANG_WARN_BLOCK_CAPTURE_AUTORELEASING = YES;
				CLANG_WARN_BOOL_CONVERSION = YES;
				CLANG_WARN_COMMA = YES;
				CLANG_WARN_CONSTANT_CONVERSION = YES;
				CLANG_WARN_DEPRECATED_OBJC_IMPLEMENTATIONS = YES;
				CLANG_WARN_DIRECT_OBJC_ISA_USAGE = YES_ERROR;
				CLANG_WARN_DOCUMENTATION_COMMENTS = YES;
				CLANG_WARN_EMPTY_BODY = YES;
				CLANG_WARN_ENUM_CONVERSION = YES;
				CLANG_WARN_INFINITE_RECURSION = YES;
				CLANG_WARN_INT_CONVERSION = YES;
				CLANG_WARN_NON_LITERAL_NULL_CONVERSION = YES;
				CLANG_WARN_OBJC_IMPLICIT_RETAIN_SELF = YES;
				CLANG_WARN_OBJC_LITERAL_CONVERSION = YES;
				CLANG_WARN_OBJC_ROOT_CLASS = YES_ERROR;
				CLANG_WARN_QUOTED_INCLUDE_IN_FRAMEWORK_HEADER = YES;
				CLANG_WARN_RANGE_LOOP_ANALYSIS = YES;
				CLANG_WARN_STRICT_PROTOTYPES = YES;
				CLANG_WARN_SUSPICIOUS_MOVE = YES;
				CLANG_WARN_UNGUARDED_AVAILABILITY = YES_AGGRESSIVE;
				CLANG_WARN_UNREACHABLE_CODE = YES;
				CLANG_WARN__DUPLICATE_METHOD_MATCH = YES;
				COPY_PHASE_STRIP = NO;
				DEBUG_INFORMATION_FORMAT = "dwarf-with-dsym";
				ENABLE_NS_ASSERTIONS = NO;
				ENABLE_STRICT_OBJC_MSGSEND = YES;
				GCC_C_LANGUAGE_STANDARD = gnu11;
				GCC_NO_COMMON_BLOCKS = YES;
				GCC_WARN_64_TO_32_BIT_CONVERSION = YES;
				GCC_WARN_ABOUT_RETURN_TYPE = YES_ERROR;
				GCC_WARN_UNDECLARED_SELECTOR = YES;
				GCC_WARN_UNINITIALIZED_AUTOS = YES_AGGRESSIVE;
				GCC_WARN_UNUSED_FUNCTION = YES;
				GCC_WARN_UNUSED_VARIABLE = YES;
				IPHONEOS_DEPLOYMENT_TARGET = 15.2;
				MTL_ENABLE_DEBUG_INFO = NO;
				MTL_FAST_MATH = YES;
				SDKROOT = iphoneos;
				SWIFT_COMPILATION_MODE = wholemodule;
				SWIFT_OPTIMIZATION_LEVEL = "-O";
				VALIDATE_PRODUCT = YES;
			};
			name = Release;
		};
		AC71C5E128185CEA001B5086 /* Debug */ = {
			isa = XCBuildConfiguration;
			buildSettings = {
				ASSETCATALOG_COMPILER_APPICON_NAME = AppIcon;
				ASSETCATALOG_COMPILER_GLOBAL_ACCENT_COLOR_NAME = AccentColor;
				CODE_SIGN_STYLE = Automatic;
				CURRENT_PROJECT_VERSION = 1;
				DEVELOPMENT_ASSET_PATHS = "\"PlanIt/Preview Content\"";
				DEVELOPMENT_TEAM = Z6DRPAF25G;
				ENABLE_PREVIEWS = YES;
				GENERATE_INFOPLIST_FILE = YES;
				INFOPLIST_KEY_UIApplicationSceneManifest_Generation = YES;
				INFOPLIST_KEY_UIApplicationSupportsIndirectInputEvents = YES;
				INFOPLIST_KEY_UILaunchScreen_Generation = YES;
				INFOPLIST_KEY_UISupportedInterfaceOrientations_iPad = "UIInterfaceOrientationPortrait UIInterfaceOrientationPortraitUpsideDown UIInterfaceOrientationLandscapeLeft UIInterfaceOrientationLandscapeRight";
				INFOPLIST_KEY_UISupportedInterfaceOrientations_iPhone = "UIInterfaceOrientationPortrait UIInterfaceOrientationLandscapeLeft UIInterfaceOrientationLandscapeRight";
				LD_RUNPATH_SEARCH_PATHS = (
					"$(inherited)",
					"@executable_path/Frameworks",
				);
				MARKETING_VERSION = 1.0;
				PRODUCT_BUNDLE_IDENTIFIER = ianlockwood.PlanIt;
				PRODUCT_NAME = "$(TARGET_NAME)";
				SWIFT_EMIT_LOC_STRINGS = YES;
				SWIFT_VERSION = 5.0;
				TARGETED_DEVICE_FAMILY = "1,2";
			};
			name = Debug;
		};
		AC71C5E228185CEA001B5086 /* Release */ = {
			isa = XCBuildConfiguration;
			buildSettings = {
				ASSETCATALOG_COMPILER_APPICON_NAME = AppIcon;
				ASSETCATALOG_COMPILER_GLOBAL_ACCENT_COLOR_NAME = AccentColor;
				CODE_SIGN_STYLE = Automatic;
				CURRENT_PROJECT_VERSION = 1;
				DEVELOPMENT_ASSET_PATHS = "\"PlanIt/Preview Content\"";
				DEVELOPMENT_TEAM = Z6DRPAF25G;
				ENABLE_PREVIEWS = YES;
				GENERATE_INFOPLIST_FILE = YES;
				INFOPLIST_KEY_UIApplicationSceneManifest_Generation = YES;
				INFOPLIST_KEY_UIApplicationSupportsIndirectInputEvents = YES;
				INFOPLIST_KEY_UILaunchScreen_Generation = YES;
				INFOPLIST_KEY_UISupportedInterfaceOrientations_iPad = "UIInterfaceOrientationPortrait UIInterfaceOrientationPortraitUpsideDown UIInterfaceOrientationLandscapeLeft UIInterfaceOrientationLandscapeRight";
				INFOPLIST_KEY_UISupportedInterfaceOrientations_iPhone = "UIInterfaceOrientationPortrait UIInterfaceOrientationLandscapeLeft UIInterfaceOrientationLandscapeRight";
				LD_RUNPATH_SEARCH_PATHS = (
					"$(inherited)",
					"@executable_path/Frameworks",
				);
				MARKETING_VERSION = 1.0;
				PRODUCT_BUNDLE_IDENTIFIER = ianlockwood.PlanIt;
				PRODUCT_NAME = "$(TARGET_NAME)";
				SWIFT_EMIT_LOC_STRINGS = YES;
				SWIFT_VERSION = 5.0;
				TARGETED_DEVICE_FAMILY = "1,2";
			};
			name = Release;
		};
/* End XCBuildConfiguration section */

/* Begin XCConfigurationList section */
		AC71C5C828185CE7001B5086 /* Build configuration list for PBXProject "PlanIt" */ = {
			isa = XCConfigurationList;
			buildConfigurations = (
				AC71C5DE28185CEA001B5086 /* Debug */,
				AC71C5DF28185CEA001B5086 /* Release */,
			);
			defaultConfigurationIsVisible = 0;
			defaultConfigurationName = Release;
		};
		AC71C5E028185CEA001B5086 /* Build configuration list for PBXNativeTarget "PlanIt" */ = {
			isa = XCConfigurationList;
			buildConfigurations = (
				AC71C5E128185CEA001B5086 /* Debug */,
				AC71C5E228185CEA001B5086 /* Release */,
			);
			defaultConfigurationIsVisible = 0;
			defaultConfigurationName = Release;
		};
/* End XCConfigurationList section */

/* Begin XCVersionGroup section */
		AC71C5DB28185CEA001B5086 /* PlanIt.xcdatamodeld */ = {
			isa = XCVersionGroup;
			children = (
				AC71C5DC28185CEA001B5086 /* PlanIt.xcdatamodel */,
			);
			currentVersion = AC71C5DC28185CEA001B5086 /* PlanIt.xcdatamodel */;
			path = PlanIt.xcdatamodeld;
			sourceTree = "<group>";
			versionGroupType = wrapper.xcdatamodel;
		};
/* End XCVersionGroup section */
	};
	rootObject = AC71C5C528185CE7001B5086 /* Project object */;
}
